<?xml version="1.0" encoding="utf-8"?>
<Project ToolsVersion="4.0" xmlns="http://schemas.microsoft.com/developer/msbuild/2003">
  <ItemGroup>
    <Filter Include="소스 파일">
      <UniqueIdentifier>{4FC737F1-C7A5-4376-A066-2A32D752A2FF}</UniqueIdentifier>
      <Extensions>cpp;c;cc;cxx;c++;cppm;ixx;def;odl;idl;hpj;bat;asm;asmx</Extensions>
    </Filter>
    <Filter Include="헤더 파일">
      <UniqueIdentifier>{93995380-89BD-4b04-88EB-625FBE52EBFB}</UniqueIdentifier>
      <Extensions>h;hh;hpp;hxx;h++;hm;inl;inc;ipp;xsd</Extensions>
    </Filter>
    <Filter Include="리소스 파일">
      <UniqueIdentifier>{67DA6AB6-F800-4c08-8B7A-83BB121AAD01}</UniqueIdentifier>
      <Extensions>rc;ico;cur;bmp;dlg;rc2;rct;bin;rgs;gif;jpg;jpeg;jpe;resx;tiff;tif;png;wav;mfcribbon-ms</Extensions>
    </Filter>
    <Filter Include="테스트 파일">
      <UniqueIdentifier>{d20c4e5c-85af-4bdd-a16d-21736f553d47}</UniqueIdentifier>
    </Filter>
  </ItemGroup>
  <ItemGroup>
    <ClCompile Include="main.cpp">
      <Filter>소스 파일</Filter>
    </ClCompile>
    <ClCompile Include="test_shell_app.cpp">
      <Filter>소스 파일</Filter>
    </ClCompile>
    <ClCompile Include="ssd_driver.cpp">
      <Filter>소스 파일</Filter>
    </ClCompile>
    <ClCompile Include="cmd_factory.cpp">
      <Filter>소스 파일</Filter>
    </ClCompile>
    <ClCompile Include="cmd_interface.cpp">
      <Filter>소스 파일</Filter>
    </ClCompile>
    <ClCompile Include="test_case.cpp">
      <Filter>테스트 파일</Filter>
    </ClCompile>
    <ClCompile Include="$(MSBuildThisFileDirectory)..\..\lib\native\src\gtest\gtest-all.cc">
      <Filter>소스 파일</Filter>
    </ClCompile>
    <ClCompile Include="$(MSBuildThisFileDirectory)..\..\lib\native\src\gmock\gmock-all.cc">
      <Filter>소스 파일</Filter>
    </ClCompile>
    <ClCompile Include="logger.cpp">
      <Filter>소스 파일</Filter>
    </ClCompile>
    <ClCompile Include="dll_driver.cpp">
      <Filter>소스 파일</Filter>
    </ClCompile>
    <ClCompile Include="erase_cmd.cpp">
      <Filter>소스 파일</Filter>
    </ClCompile>
    <ClCompile Include="erase_range_cmd.cpp">
      <Filter>소스 파일</Filter>
    </ClCompile>
    <ClCompile Include="exit_cmd.cpp">
      <Filter>소스 파일</Filter>
    </ClCompile>
    <ClCompile Include="full_read_cmd.cpp">
      <Filter>소스 파일</Filter>
    </ClCompile>
    <ClCompile Include="full_write_cmd.cpp">
      <Filter>소스 파일</Filter>
    </ClCompile>
    <ClCompile Include="help_cmd.cpp">
      <Filter>소스 파일</Filter>
    </ClCompile>
    <ClCompile Include="help_cmd.h">
      <Filter>헤더 파일</Filter>
    </ClCompile>
    <ClCompile Include="read_cmd.cpp">
      <Filter>소스 파일</Filter>
    </ClCompile>
    <ClCompile Include="write_cmd.cpp">
      <Filter>소스 파일</Filter>
    </ClCompile>
    <ClCompile Include="flush_cmd.cpp">
      <Filter>소스 파일</Filter>
    </ClCompile>
    <ClCompile Include="msg_handler.cpp">
      <Filter>소스 파일</Filter>
    </ClCompile>
    <ClCompile Include="erase_write_aging_ts.cpp">
      <Filter>소스 파일</Filter>
    </ClCompile>
  </ItemGroup>
  <ItemGroup>
    <None Include="packages.config" />
  </ItemGroup>
  <ItemGroup>
    <ClInclude Include="cmd_factory.h">
      <Filter>헤더 파일</Filter>
    </ClInclude>
    <ClInclude Include="cmd_interface.h">
      <Filter>헤더 파일</Filter>
    </ClInclude>
    <ClInclude Include="ssd_driver.h">
      <Filter>헤더 파일</Filter>
    </ClInclude>
    <ClInclude Include="ssd_interface.h">
      <Filter>헤더 파일</Filter>
    </ClInclude>
    <ClInclude Include="test_shell_app.h">
      <Filter>헤더 파일</Filter>
    </ClInclude>
    <ClInclude Include="erase_write_aging_ts.h">
      <Filter>헤더 파일\testScript</Filter>
    </ClInclude>
    <ClInclude Include="logger.h">
      <Filter>헤더 파일</Filter>
    </ClInclude>
    <ClInclude Include="dll_main.h">
      <Filter>헤더 파일</Filter>
    </ClInclude>
    <ClInclude Include="dll_driver.h">
      <Filter>헤더 파일</Filter>
    </ClInclude>
    <ClInclude Include="erase_cmd.h">
      <Filter>헤더 파일</Filter>
    </ClInclude>
    <ClInclude Include="erase_range_cmd.h">
      <Filter>헤더 파일</Filter>
    </ClInclude>
    <ClInclude Include="exit_cmd.h">
      <Filter>헤더 파일</Filter>
    </ClInclude>
    <ClInclude Include="full_read_cmd.h">
      <Filter>헤더 파일</Filter>
    </ClInclude>
    <ClInclude Include="full_write_cmd.h">
      <Filter>헤더 파일</Filter>
    </ClInclude>
    <ClInclude Include="read_cmd.h">
      <Filter>헤더 파일</Filter>
    </ClInclude>
    <ClInclude Include="write_cmd.h">
      <Filter>헤더 파일</Filter>
    </ClInclude>
    <ClInclude Include="flush_cmd.h">
      <Filter>헤더 파일</Filter>
    </ClInclude>
    <ClInclude Include="console_handler.h">
      <Filter>헤더 파일</Filter>
    </ClInclude>
    <ClInclude Include="file_output_handler.h">
      <Filter>헤더 파일</Filter>
    </ClInclude>
    <ClInclude Include="output_handler_interface.h">
      <Filter>헤더 파일</Filter>
    </ClInclude>
    <ClInclude Include="null_ouput_handler.h">
      <Filter>테스트 파일</Filter>
    </ClInclude>
    <ClInclude Include="mock_ssd.h">
      <Filter>테스트 파일</Filter>
    </ClInclude>
    <ClInclude Include="msg_handler.h">
      <Filter>헤더 파일</Filter>
    </ClInclude>
    <ClInclude Include="erase_write_aging_ts.h">
      <Filter>소스 파일</Filter>
    </ClInclude>
  </ItemGroup>
</Project>