
Microsoft Visual Studio Solution File, Format Version 12.00
# Visual Studio Version 17
VisualStudioVersion = 17.10.35013.160
MinimumVisualStudioVersion = 10.0.40219.1
Project("{8BC9CEB8-8B4A-11D0-8D11-00A0C91BC942}") = "TestShell", "TestShell\TestShell.vcxproj", "{B2805EFB-BBC6-47E4-9A18-204DE6AA7DC4}"
EndProject
Project("{8BC9CEB8-8B4A-11D0-8D11-00A0C91BC942}") = "SSD", "..\SSD\SSD\SSD.vcxproj", "{6959D459-5090-442B-8629-69A2A7806C68}"
EndProject
Project("{8BC9CEB8-8B4A-11D0-8D11-00A0C91BC942}") = "Ts1Dll", "Ts1Dll\Ts1Dll.vcxproj", "{E58B8146-2690-4F7A-8F36-5D1A4EB50D3B}"
EndProject
Project("{8BC9CEB8-8B4A-11D0-8D11-00A0C91BC942}") = "Ts2Dll", "Ts2Dll\Ts2Dll.vcxproj", "{4E2FAAEB-37A0-4A26-B6B8-E7D848112F15}"
EndProject
Project("{8BC9CEB8-8B4A-11D0-8D11-00A0C91BC942}") = "Ts3Dll", "Ts3Dll\Ts3Dll.vcxproj", "{60732733-ED41-41EF-9C58-D54CBD172335}"
EndProject
Project("{8BC9CEB8-8B4A-11D0-8D11-00A0C91BC942}") = "Ts4Dll", "Ts4Dll\Ts4Dll.vcxproj", "{53EFAE6F-2F1A-4089-A6F6-9E94B91681EA}"
EndProject
Project("{8BC9CEB8-8B4A-11D0-8D11-00A0C91BC942}") = "TestShellLib", "TestShellLib\TestShellLib.vcxproj", "{790C7124-57ED-4C21-ADF2-A877547F9D02}"
EndProject
Global
	GlobalSection(SolutionConfigurationPlatforms) = preSolution
		Debug|x64 = Debug|x64
		Debug|x86 = Debug|x86
		Release|x64 = Release|x64
		Release|x86 = Release|x86
	EndGlobalSection
	GlobalSection(ProjectConfigurationPlatforms) = postSolution
		{B2805EFB-BBC6-47E4-9A18-204DE6AA7DC4}.Debug|x64.ActiveCfg = Debug|x64
		{B2805EFB-BBC6-47E4-9A18-204DE6AA7DC4}.Debug|x64.Build.0 = Debug|x64
		{B2805EFB-BBC6-47E4-9A18-204DE6AA7DC4}.Debug|x86.ActiveCfg = Debug|Win32
		{B2805EFB-BBC6-47E4-9A18-204DE6AA7DC4}.Debug|x86.Build.0 = Debug|Win32
		{B2805EFB-BBC6-47E4-9A18-204DE6AA7DC4}.Release|x64.ActiveCfg = Release|x64
		{B2805EFB-BBC6-47E4-9A18-204DE6AA7DC4}.Release|x64.Build.0 = Release|x64
		{B2805EFB-BBC6-47E4-9A18-204DE6AA7DC4}.Release|x86.ActiveCfg = Release|Win32
		{B2805EFB-BBC6-47E4-9A18-204DE6AA7DC4}.Release|x86.Build.0 = Release|Win32
		{6959D459-5090-442B-8629-69A2A7806C68}.Debug|x64.ActiveCfg = Debug|x64
		{6959D459-5090-442B-8629-69A2A7806C68}.Debug|x64.Build.0 = Debug|x64
		{6959D459-5090-442B-8629-69A2A7806C68}.Debug|x86.ActiveCfg = Debug|Win32
		{6959D459-5090-442B-8629-69A2A7806C68}.Debug|x86.Build.0 = Debug|Win32
		{6959D459-5090-442B-8629-69A2A7806C68}.Release|x64.ActiveCfg = Release|x64
		{6959D459-5090-442B-8629-69A2A7806C68}.Release|x64.Build.0 = Release|x64
		{6959D459-5090-442B-8629-69A2A7806C68}.Release|x86.ActiveCfg = Release|Win32
		{6959D459-5090-442B-8629-69A2A7806C68}.Release|x86.Build.0 = Release|Win32
		{E58B8146-2690-4F7A-8F36-5D1A4EB50D3B}.Debug|x64.ActiveCfg = Debug|x64
		{E58B8146-2690-4F7A-8F36-5D1A4EB50D3B}.Debug|x64.Build.0 = Debug|x64
		{E58B8146-2690-4F7A-8F36-5D1A4EB50D3B}.Debug|x86.ActiveCfg = Debug|Win32
		{E58B8146-2690-4F7A-8F36-5D1A4EB50D3B}.Debug|x86.Build.0 = Debug|Win32
		{E58B8146-2690-4F7A-8F36-5D1A4EB50D3B}.Release|x64.ActiveCfg = Release|x64
		{E58B8146-2690-4F7A-8F36-5D1A4EB50D3B}.Release|x64.Build.0 = Release|x64
		{E58B8146-2690-4F7A-8F36-5D1A4EB50D3B}.Release|x86.ActiveCfg = Release|Win32
		{E58B8146-2690-4F7A-8F36-5D1A4EB50D3B}.Release|x86.Build.0 = Release|Win32
		{4E2FAAEB-37A0-4A26-B6B8-E7D848112F15}.Debug|x64.ActiveCfg = Debug|x64
		{4E2FAAEB-37A0-4A26-B6B8-E7D848112F15}.Debug|x64.Build.0 = Debug|x64
		{4E2FAAEB-37A0-4A26-B6B8-E7D848112F15}.Debug|x86.ActiveCfg = Debug|Win32
		{4E2FAAEB-37A0-4A26-B6B8-E7D848112F15}.Debug|x86.Build.0 = Debug|Win32
		{4E2FAAEB-37A0-4A26-B6B8-E7D848112F15}.Release|x64.ActiveCfg = Release|x64
		{4E2FAAEB-37A0-4A26-B6B8-E7D848112F15}.Release|x64.Build.0 = Release|x64
		{4E2FAAEB-37A0-4A26-B6B8-E7D848112F15}.Release|x86.ActiveCfg = Release|Win32
		{4E2FAAEB-37A0-4A26-B6B8-E7D848112F15}.Release|x86.Build.0 = Release|Win32
		{60732733-ED41-41EF-9C58-D54CBD172335}.Debug|x64.ActiveCfg = Debug|x64
		{60732733-ED41-41EF-9C58-D54CBD172335}.Debug|x64.Build.0 = Debug|x64
		{60732733-ED41-41EF-9C58-D54CBD172335}.Debug|x86.ActiveCfg = Debug|Win32
		{60732733-ED41-41EF-9C58-D54CBD172335}.Debug|x86.Build.0 = Debug|Win32
		{60732733-ED41-41EF-9C58-D54CBD172335}.Release|x64.ActiveCfg = Release|x64
		{60732733-ED41-41EF-9C58-D54CBD172335}.Release|x64.Build.0 = Release|x64
		{60732733-ED41-41EF-9C58-D54CBD172335}.Release|x86.ActiveCfg = Release|Win32
		{60732733-ED41-41EF-9C58-D54CBD172335}.Release|x86.Build.0 = Release|Win32
		{53EFAE6F-2F1A-4089-A6F6-9E94B91681EA}.Debug|x64.ActiveCfg = Debug|x64
		{53EFAE6F-2F1A-4089-A6F6-9E94B91681EA}.Debug|x64.Build.0 = Debug|x64
		{53EFAE6F-2F1A-4089-A6F6-9E94B91681EA}.Debug|x86.ActiveCfg = Debug|Win32
		{53EFAE6F-2F1A-4089-A6F6-9E94B91681EA}.Debug|x86.Build.0 = Debug|Win32
		{53EFAE6F-2F1A-4089-A6F6-9E94B91681EA}.Release|x64.ActiveCfg = Release|x64
		{53EFAE6F-2F1A-4089-A6F6-9E94B91681EA}.Release|x64.Build.0 = Release|x64
		{53EFAE6F-2F1A-4089-A6F6-9E94B91681EA}.Release|x86.ActiveCfg = Release|Win32
		{53EFAE6F-2F1A-4089-A6F6-9E94B91681EA}.Release|x86.Build.0 = Release|Win32
		{790C7124-57ED-4C21-ADF2-A877547F9D02}.Debug|x64.ActiveCfg = Debug|x64
		{790C7124-57ED-4C21-ADF2-A877547F9D02}.Debug|x64.Build.0 = Debug|x64
		{790C7124-57ED-4C21-ADF2-A877547F9D02}.Debug|x86.ActiveCfg = Debug|Win32
		{790C7124-57ED-4C21-ADF2-A877547F9D02}.Debug|x86.Build.0 = Debug|Win32
		{790C7124-57ED-4C21-ADF2-A877547F9D02}.Release|x64.ActiveCfg = Release|x64
		{790C7124-57ED-4C21-ADF2-A877547F9D02}.Release|x64.Build.0 = Release|x64
		{790C7124-57ED-4C21-ADF2-A877547F9D02}.Release|x86.ActiveCfg = Release|Win32
		{790C7124-57ED-4C21-ADF2-A877547F9D02}.Release|x86.Build.0 = Release|Win32
	EndGlobalSection
	GlobalSection(SolutionProperties) = preSolution
		HideSolutionNode = FALSE
	EndGlobalSection
	GlobalSection(ExtensibilityGlobals) = postSolution
		SolutionGuid = {3776C707-FAA2-4361-AB51-24E79C0BB23A}
	EndGlobalSection
EndGlobal
